
Microsoft Visual Studio Solution File, Format Version 12.00
# Visual Studio Version 16
VisualStudioVersion = 16.0.31624.102
MinimumVisualStudioVersion = 10.0.40219.1
Project("{FAE04EC0-301F-11D3-BF4B-00C04F79EFBC}") = "Self-StudyNavigator", "Self-StudyNavigator.csproj", "{6C5C99CA-0CB8-4A64-996E-9F8FEE9CF550}"
EndProject
Global
	GlobalSection(SolutionConfigurationPlatforms) = preSolution
		Debug|Any CPU = Debug|Any CPU
		Release|Any CPU = Release|Any CPU
	EndGlobalSection
	GlobalSection(ProjectConfigurationPlatforms) = postSolution
		{6C5C99CA-0CB8-4A64-996E-9F8FEE9CF550}.Debug|Any CPU.ActiveCfg = Debug|Any CPU
		{6C5C99CA-0CB8-4A64-996E-9F8FEE9CF550}.Debug|Any CPU.Build.0 = Debug|Any CPU
		{6C5C99CA-0CB8-4A64-996E-9F8FEE9CF550}.Release|Any CPU.ActiveCfg = Release|Any CPU
		{6C5C99CA-0CB8-4A64-996E-9F8FEE9CF550}.Release|Any CPU.Build.0 = Release|Any CPU
	EndGlobalSection
	GlobalSection(SolutionProperties) = preSolution
		HideSolutionNode = FALSE
	EndGlobalSection
	GlobalSection(ExtensibilityGlobals) = postSolution
		SolutionGuid = {8B66FBB2-9620-42EE-9C41-AE2ED72261EC}
	EndGlobalSection
EndGlobal
